{
  "name": "formdata",
  "version": "1.0.0",
  "lockfileVersion": 1,
  "requires": true,
  "dependencies": {
    "ben7th-fc-utils": {
      "version": "1.0.0",
      "resolved": "https://registry.npmjs.org/ben7th-fc-utils/-/ben7th-fc-utils-1.0.0.tgz",
      "integrity": "sha512-YUZDFy6FDf3Uuv/lgZ0JA9BxpIYxIf9p3yMzoe4D0xNjBiKTNRwZVS8gQ+Yhl/J2hlKebOsT6ddxtYYiUCYP4g=="
    },
    "node-fetch": {
      "version": "2.6.1",
      "resolved": "https://registry.npmjs.org/node-fetch/-/node-fetch-2.6.1.tgz",
      "integrity": "sha512-V4aYg89jEoVRxRb2fJdAg8FHvI7cEyYdVAh94HH0UIK8oJxUfkjlDQN9RbMx+bEjP7+ggMiFRprSti032Oipxw=="
    }
  }
}
